# THIS IS AN AUTOGENERATED FILE. DO NOT EDIT THIS FILE DIRECTLY.
# yarn lockfile v1


"@cspotcode/source-map-consumer@0.8.0":
  version "0.8.0"
  resolved "https://registry.npmmirror.com/@cspotcode/source-map-consumer/download/@cspotcode/source-map-consumer-0.8.0.tgz#33bf4b7b39c178821606f669bbc447a6a629786b"
  integrity sha1-M79LeznBeIIWBvZpu8RHpqYpeGs=

"@cspotcode/source-map-support@0.7.0":
  version "0.7.0"
  resolved "https://registry.npmmirror.com/@cspotcode/source-map-support/download/@cspotcode/source-map-support-0.7.0.tgz#4789840aa859e46d2f3173727ab707c66bf344f5"
  integrity sha1-R4mECqhZ5G0vMXNyercHxmvzRPU=
  dependencies:
    "@cspotcode/source-map-consumer" "0.8.0"

"@rollup/plugin-commonjs@^21.0.1":
  version "21.0.1"
  resolved "https://registry.npmmirror.com/@rollup/plugin-commonjs/download/@rollup/plugin-commonjs-21.0.1.tgz#1e57c81ae1518e4df0954d681c642e7d94588fee"
  integrity sha1-HlfIGuFRjk3wlU1oHGQufZRYj+4=
  dependencies:
    "@rollup/pluginutils" "^3.1.0"
    commondir "^1.0.1"
    estree-walker "^2.0.1"
    glob "^7.1.6"
    is-reference "^1.2.1"
    magic-string "^0.25.7"
    resolve "^1.17.0"

"@rollup/plugin-node-resolve@^13.1.3":
  version "13.1.3"
  resolved "https://registry.npmmirror.com/@rollup/plugin-node-resolve/download/@rollup/plugin-node-resolve-13.1.3.tgz#2ed277fb3ad98745424c1d2ba152484508a92d79"
  integrity sha512-BdxNk+LtmElRo5d06MGY4zoepyrXX1tkzX2hrnPEZ53k78GuOMWLqmJDGIIOPwVRIFZrLQOo+Yr6KtCuLIA0AQ==
  dependencies:
    "@rollup/pluginutils" "^3.1.0"
    "@types/resolve" "1.17.1"
    builtin-modules "^3.1.0"
    deepmerge "^4.2.2"
    is-module "^1.0.0"
    resolve "^1.19.0"

"@rollup/pluginutils@^3.1.0":
  version "3.1.0"
  resolved "https://registry.npmmirror.com/@rollup/pluginutils/download/@rollup/pluginutils-3.1.0.tgz#706b4524ee6dc8b103b3c995533e5ad680c02b9b"
  integrity sha1-cGtFJO5tyLEDs8mVUz5a1oDAK5s=
  dependencies:
    "@types/estree" "0.0.39"
    estree-walker "^1.0.1"
    picomatch "^2.2.2"

"@rollup/pluginutils@^4.1.1":
  version "4.1.2"
  resolved "https://registry.npmmirror.com/@rollup/pluginutils/download/@rollup/pluginutils-4.1.2.tgz#ed5821c15e5e05e32816f5fb9ec607cdf5a75751"
  integrity sha512-ROn4qvkxP9SyPeHaf7uQC/GPFY6L/OWy9+bd9AwcjOAWQwxRscoEyAUD8qCY5o5iL4jqQwoLk2kaTKJPb/HwzQ==
  dependencies:
    estree-walker "^2.0.1"
    picomatch "^2.2.2"

"@tsconfig/node10@^1.0.7":
  version "1.0.8"
  resolved "https://registry.npmmirror.com/@tsconfig/node10/download/@tsconfig/node10-1.0.8.tgz#c1e4e80d6f964fbecb3359c43bd48b40f7cadad9"
  integrity sha1-weToDW+WT77LM1nEO9SLQPfK2tk=

"@tsconfig/node12@^1.0.7":
  version "1.0.9"
  resolved "https://registry.npmmirror.com/@tsconfig/node12/download/@tsconfig/node12-1.0.9.tgz#62c1f6dee2ebd9aead80dc3afa56810e58e1a04c"
  integrity sha1-YsH23uLr2a6tgNw6+laBDljhoEw=

"@tsconfig/node14@^1.0.0":
  version "1.0.1"
  resolved "https://registry.npmmirror.com/@tsconfig/node14/download/@tsconfig/node14-1.0.1.tgz#95f2d167ffb9b8d2068b0b235302fafd4df711f2"
  integrity sha1-lfLRZ/+5uNIGiwsjUwL6/U33EfI=

"@tsconfig/node16@^1.0.2":
  version "1.0.2"
  resolved "https://registry.npmmirror.com/@tsconfig/node16/download/@tsconfig/node16-1.0.2.tgz#423c77877d0569db20e1fc80885ac4118314010e"
  integrity sha1-Qjx3h30Fadsg4fyAiFrEEYMUAQ4=

"@types/estree@*":
  version "0.0.50"
  resolved "https://registry.npmmirror.com/@types/estree/download/@types/estree-0.0.50.tgz#1e0caa9364d3fccd2931c3ed96fdbeaa5d4cca83"
  integrity sha1-Hgyqk2TT/M0pMcPtlv2+ql1MyoM=

"@types/estree@0.0.39":
  version "0.0.39"
  resolved "https://registry.npmmirror.com/@types/estree/download/@types/estree-0.0.39.tgz#e177e699ee1b8c22d23174caaa7422644389509f"
  integrity sha1-4Xfmme4bjCLSMXTKqnQiZEOJUJ8=

"@types/minimist@^1.2.2":
  version "1.2.2"
  resolved "https://registry.npmmirror.com/@types/minimist/download/@types/minimist-1.2.2.tgz#ee771e2ba4b3dc5b372935d549fd9617bf345b8c"
  integrity sha1-7nceK6Sz3Fs3KTXVSf2WF780W4w=

"@types/node@*":
  version "17.0.12"
  resolved "https://registry.npmmirror.com/@types/node/download/@types/node-17.0.12.tgz#f7aa331b27f08244888c47b7df126184bc2339c5"
  integrity sha512-4YpbAsnJXWYK/fpTVFlMIcUIho2AYCi4wg5aNPrG1ng7fn/1/RZfCIpRCiBX+12RVa34RluilnvCqD+g3KiSiA==

"@types/node@^17.0.10":
  version "17.0.10"
  resolved "https://registry.npmmirror.com/@types/node/download/@types/node-17.0.10.tgz#616f16e9d3a2a3d618136b1be244315d95bd7cab"
  integrity sha512-S/3xB4KzyFxYGCppyDt68yzBU9ysL88lSdIah4D6cptdcltc4NCPCAMc0+PCpg/lLIyC7IPvj2Z52OJWeIUkog==

"@types/resolve@1.17.1":
  version "1.17.1"
  resolved "https://registry.npmmirror.com/@types/resolve/download/@types/resolve-1.17.1.tgz#3afd6ad8967c77e4376c598a82ddd58f46ec45d6"
  integrity sha512-yy7HuzQhj0dhGpD8RLXSZWEkLsV9ibvxvi6EiJ3bkqLAO1RGo0WbkWQiwpRlSFymTJRz0d3k5LM3kkx8ArDbLw==
  dependencies:
    "@types/node" "*"

"@types/resolve@^1.20.1":
  version "1.20.1"
  resolved "https://registry.npmmirror.com/@types/resolve/download/@types/resolve-1.20.1.tgz#3727e48042fda81e374f5d5cf2fa92288bf698f8"
  integrity sha1-NyfkgEL9qB43T11c8vqSKIv2mPg=

acorn-walk@^8.1.1, acorn-walk@^8.2.0:
  version "8.2.0"
  resolved "https://registry.npmmirror.com/acorn-walk/download/acorn-walk-8.2.0.tgz#741210f2e2426454508853a2f44d0ab83b7f69c1"
  integrity sha1-dBIQ8uJCZFRQiFOi9E0KuDt/acE=

acorn@^8.4.1, acorn@^8.7.0:
  version "8.7.0"
  resolved "https://registry.npmmirror.com/acorn/download/acorn-8.7.0.tgz#90951fde0f8f09df93549481e5fc141445b791cf"
  integrity sha512-V/LGr1APy+PXIwKebEWrkZPwoeoF+w1jiOBUmuxuiUIaOHtob8Qc9BTrYo7VuI5fR8tqsy+buA2WFooR5olqvQ==

arg@^4.1.0:
  version "4.1.3"
  resolved "https://registry.npmmirror.com/arg/download/arg-4.1.3.tgz#269fc7ad5b8e42cb63c896d5666017261c144089"
  integrity sha512-58S9QDqG0Xx27YwPSt9fJxivjYl432YCwfDMfZ+71RAqUrZef7LrKQZ3LHLOwCS4FLNBplP533Zx895SeOCHvA==

axios@^0.25.0:
  version "0.25.0"
  resolved "https://registry.npmmirror.com/axios/download/axios-0.25.0.tgz#349cfbb31331a9b4453190791760a8d35b093e0a"
  integrity sha512-cD8FOb0tRH3uuEe6+evtAbgJtfxr7ly3fQjYcMcuPlgkwVS9xboaVIpcDV+cYQe+yGykgwZCs1pzjntcGa6l5g==
  dependencies:
    follow-redirects "^1.14.7"

balanced-match@^1.0.0:
  version "1.0.2"
  resolved "https://registry.npmmirror.com/balanced-match/download/balanced-match-1.0.2.tgz#e83e3a7e3f300b34cb9d87f615fa0cbf357690ee"
  integrity sha1-6D46fj8wCzTLnYf2FfoMvzV2kO4=

brace-expansion@^1.1.7:
  version "1.1.11"
  resolved "https://registry.npmmirror.com/brace-expansion/download/brace-expansion-1.1.11.tgz#3c7fcbf529d87226f3d2f52b966ff5271eb441dd"
  integrity sha1-PH/L9SnYcibz0vUrlm/1Jx60Qd0=
  dependencies:
    balanced-match "^1.0.0"
    concat-map "0.0.1"

builtin-modules@^3.1.0:
  version "3.2.0"
  resolved "https://registry.npmmirror.com/builtin-modules/download/builtin-modules-3.2.0.tgz#45d5db99e7ee5e6bc4f362e008bf917ab5049887"
  integrity sha1-RdXbmefuXmvE82LgCL+RerUEmIc=

chalk@^5.0.0:
  version "5.0.0"
  resolved "https://registry.npmmirror.com/chalk/download/chalk-5.0.0.tgz#bd96c6bb8e02b96e08c0c3ee2a9d90e050c7b832"
  integrity sha512-/duVOqst+luxCQRKEo4bNxinsOQtMP80ZYm7mMqzuh5PociNL0PvmHFvREJ9ueYL2TxlHjBcmLCdmocx9Vg+IQ==

commondir@^1.0.1:
  version "1.0.1"
  resolved "https://registry.npmmirror.com/commondir/download/commondir-1.0.1.tgz#ddd800da0c66127393cca5950ea968a3aaf1253b"
  integrity sha1-3dgA2gxmEnOTzKWVDqloo6rxJTs=

concat-map@0.0.1:
  version "0.0.1"
  resolved "https://registry.npmmirror.com/concat-map/download/concat-map-0.0.1.tgz#d8a96bd77fd68df7793a73036a3ba0d5405d477b"
  integrity sha1-2Klr13/Wjfd5OnMDajug1UBdR3s=

create-require@^1.1.0:
  version "1.1.1"
  resolved "https://registry.npmmirror.com/create-require/download/create-require-1.1.1.tgz#c1d7e8f1e5f6cfc9ff65f9cd352d37348756c333"
  integrity sha1-wdfo8eX2z8n/ZfnNNS03NIdWwzM=

debug@^4.3.3:
  version "4.3.3"
  resolved "https://registry.npmmirror.com/debug/download/debug-4.3.3.tgz#04266e0b70a98d4462e6e288e38259213332b664"
  integrity sha512-/zxw5+vh1Tfv+4Qn7a5nsbcJKPaSvCDhojn6FEl9vupwK2VCSDtEiEtqr8DFtzYFOdz63LBkxec7DYuc2jon6Q==
  dependencies:
    ms "2.1.2"

deepmerge@^4.2.2:
  version "4.2.2"
  resolved "https://registry.npmmirror.com/deepmerge/download/deepmerge-4.2.2.tgz#44d2ea3679b8f4d4ffba33f03d865fc1e7bf4955"
  integrity sha512-FJ3UgI4gIl+PHZm53knsuSFpE+nESMr7M4v9QcgB7S63Kj/6WqMiFQJpBBYz1Pt+66bZpP3Q7Lye0Oo9MPKEdg==

diff@^4.0.1:
  version "4.0.2"
  resolved "https://registry.npmmirror.com/diff/download/diff-4.0.2.tgz#60f3aecb89d5fae520c11aa19efc2bb982aade7d"
  integrity sha1-YPOuy4nV+uUgwRqhnvwruYKq3n0=

es-module-lexer@^0.9.3:
  version "0.9.3"
  resolved "https://registry.npmmirror.com/es-module-lexer/download/es-module-lexer-0.9.3.tgz#6f13db00cc38417137daf74366f535c8eb438f19"
  integrity sha1-bxPbAMw4QXE32vdDZvU1yOtDjxk=

esbuild-android-arm64@0.14.13:
  version "0.14.13"
  resolved "https://registry.npmmirror.com/esbuild-android-arm64/download/esbuild-android-arm64-0.14.13.tgz#a5c8cb275dc6dcaf2390abb639791ffc4aa6ead1"
  integrity sha512-rhtwl+KJ3BzzXkK09N3/YbEF1i5WhriysJEStoeWNBzchx9hlmzyWmDGQQhu56HF78ua3JrVPyLOsdLGvtMvxQ==

esbuild-darwin-64@0.14.13:
  version "0.14.13"
  resolved "https://registry.npmmirror.com/esbuild-darwin-64/download/esbuild-darwin-64-0.14.13.tgz#51ad2fbf8c9d73c1d40e5f9ab6122ffa95f5b494"
  integrity sha512-Fl47xIt5RMu50WIgMU93kwmUUJb+BPuL8R895n/aBNQqavS+KUMpLPoqKGABBV4myfx/fnAD/97X8Gt1C1YW6w==

esbuild-darwin-arm64@0.14.13:
  version "0.14.13"
  resolved "https://registry.npmmirror.com/esbuild-darwin-arm64/download/esbuild-darwin-arm64-0.14.13.tgz#7ff177193cffbba518a59dfa4666a2fbb3345330"
  integrity sha512-UttqKRFXsWvuivcyAbFmo54vdkC9Me1ZYQNuoz/uBYDbkb2MgqKYG2+xoVKPBhLvhT0CKM5QGKD81flMH5BE6A==

esbuild-freebsd-64@0.14.13:
  version "0.14.13"
  resolved "https://registry.npmmirror.com/esbuild-freebsd-64/download/esbuild-freebsd-64-0.14.13.tgz#648357ff0ca399ce65f7e7ebfff701cf105c70f3"
  integrity sha512-dlIhPFSp29Yq2TPh7Cm3/4M0uKjlfvOylHVNCRvRNiOvDbBol6/NZ3kLisczms+Yra0rxVapBPN1oMbSMuts9g==

esbuild-freebsd-arm64@0.14.13:
  version "0.14.13"
  resolved "https://registry.npmmirror.com/esbuild-freebsd-arm64/download/esbuild-freebsd-arm64-0.14.13.tgz#7cb0016dd64fd116624c56dcfe58b27fac8ceaee"
  integrity sha512-bNOHLu7Oq6RwaAMnwPbJ40DVGPl9GlAOnfH/dFZ792f8hFEbopkbtVzo1SU1jjfY3TGLWOgqHNWxPxx1N7Au+g==

esbuild-linux-32@0.14.13:
  version "0.14.13"
  resolved "https://registry.npmmirror.com/esbuild-linux-32/download/esbuild-linux-32-0.14.13.tgz#50b197f6831e824660ab80d011b656505a0aae32"
  integrity sha512-WzXyBx6zx16adGi7wPBvH2lRCBzYMcqnBRrJ8ciLIqYyruGvprZocX1nFWfiexjLcFxIElWnMNPX6LG7ULqyXA==

esbuild-linux-64@0.14.13:
  version "0.14.13"
  resolved "https://registry.npmmirror.com/esbuild-linux-64/download/esbuild-linux-64-0.14.13.tgz#d2ee4d780e3cadd129ab8988c7c75ca4bd636f3a"
  integrity sha512-P6OFAfcoUvE7g9h/0UKm3qagvTovwqpCF1wbFLWe/BcCY8BS1bR/+SxUjCeKX2BcpIsg4/43ezHDE/ntg/iOpw==

esbuild-linux-arm64@0.14.13:
  version "0.14.13"
  resolved "https://registry.npmmirror.com/esbuild-linux-arm64/download/esbuild-linux-arm64-0.14.13.tgz#9151963c55cd42968c97f2fd354cd6ff9b3cb476"
  integrity sha512-k/uIvmkm4mc7vyMvJVwILgGxi2F+FuvLdmESIIWoHrnxEfEekC5AWpI/R6GQ2OMfp8snebSQLs8KL05QPnt1zA==

esbuild-linux-arm@0.14.13:
  version "0.14.13"
  resolved "https://registry.npmmirror.com/esbuild-linux-arm/download/esbuild-linux-arm-0.14.13.tgz#80e94cd8920607dc0addb97bac7ff5988d0fc28f"
  integrity sha512-4jmm0UySCg3Wi6FEBS7jpiPb1IyckI5um5kzYRwulHxPzkiokd6cgpcsTakR4/Y84UEicS8LnFAghHhXHZhbFg==

esbuild-linux-mips64le@0.14.13:
  version "0.14.13"
  resolved "https://registry.npmmirror.com/esbuild-linux-mips64le/download/esbuild-linux-mips64le-0.14.13.tgz#8e7eeef567b0895f2ecc4d66b1f1e5a542f1ce5b"
  integrity sha512-vwYtgjQ1TRlUGL88km9wH9TjXsdZyZ/Xht1ASptg5XGRlqGquVjLGH11PfLLunoMdkQ0YTXR68b4l5gRfjVbyg==

esbuild-linux-ppc64le@0.14.13:
  version "0.14.13"
  resolved "https://registry.npmmirror.com/esbuild-linux-ppc64le/download/esbuild-linux-ppc64le-0.14.13.tgz#ffbe9915a1d8080f9810a9c5938f453003c6de98"
  integrity sha512-0KqDSIkZaYugtcdpFCd3eQ38Fg6TzhxmOpkhDIKNTwD/W2RoXeiS+Z4y5yQ3oysb/ySDOxWkwNqTdXS4sz2LdQ==

esbuild-linux-s390x@0.14.13:
  version "0.14.13"
  resolved "https://registry.npmmirror.com/esbuild-linux-s390x/download/esbuild-linux-s390x-0.14.13.tgz#e27274d12f198580892432115fc0de432431d33d"
  integrity sha512-bG20i7d0CN97fwPN9LaLe64E2IrI0fPZWEcoiff9hzzsvo/fQCx0YjMbPC2T3gqQ48QZRltdU9hQilTjHk3geQ==

esbuild-netbsd-64@0.14.13:
  version "0.14.13"
  resolved "https://registry.npmmirror.com/esbuild-netbsd-64/download/esbuild-netbsd-64-0.14.13.tgz#78199fa57d5794e6ac6c33993dd0588fba22b353"
  integrity sha512-jz96PQb0ltqyqLggPpcRbWxzLvWHvrZBHZQyjcOzKRDqg1fR/R1y10b1Cuv84xoIbdAf+ceNUJkMN21FfR9G2g==

esbuild-openbsd-64@0.14.13:
  version "0.14.13"
  resolved "https://registry.npmmirror.com/esbuild-openbsd-64/download/esbuild-openbsd-64-0.14.13.tgz#5394336b602e1db15583bbef7d827a2b9648e373"
  integrity sha512-bp6zSo3kDCXKPM5MmVUg6DEpt+yXDx37iDGzNTn3Kf9xh6d0cdITxUC4Bx6S3Di79GVYubWs+wNjSRVFIJpryw==

esbuild-sunos-64@0.14.13:
  version "0.14.13"
  resolved "https://registry.npmmirror.com/esbuild-sunos-64/download/esbuild-sunos-64-0.14.13.tgz#4afcddcece51f943149fa07274bd58f64e0913a8"
  integrity sha512-08Fne1T9QHYxUnu55sV9V4i/yECADOaI1zMGET2YUa8SRkib10i80hc89U7U/G02DxpN/KUJMWEGq2wKTn0QFQ==

esbuild-windows-32@0.14.13:
  version "0.14.13"
  resolved "https://registry.npmmirror.com/esbuild-windows-32/download/esbuild-windows-32-0.14.13.tgz#cb06267f270bbf7ea6631cc78b8f6e3647975c44"
  integrity sha512-MW3BMIi9+fzTyDdljH0ftfT/qlD3t+aVzle1O+zZ2MgHRMQD20JwWgyqoJXhe6uDVyunrAUbcjH3qTIEZN3isg==

esbuild-windows-64@0.14.13:
  version "0.14.13"
  resolved "https://registry.npmmirror.com/esbuild-windows-64/download/esbuild-windows-64-0.14.13.tgz#3bbfba58e0185121280bd47ccd073b6c1849fd27"
  integrity sha512-d7+0N+EOgBKdi/nMxlQ8QA5xHBlpcLtSrYnHsA+Xp4yZk28dYfRw1+embsHf5uN5/1iPvrJwPrcpgDH1xyy4JA==

esbuild-windows-arm64@0.14.13:
  version "0.14.13"
  resolved "https://registry.npmmirror.com/esbuild-windows-arm64/download/esbuild-windows-arm64-0.14.13.tgz#9203d40d915d809c50bc91af5a8373e5f5abfc4c"
  integrity sha512-oX5hmgXk9yNKbb5AxThzRQm/E9kiHyDll7JJeyeT1fuGENTifv33f0INCpjBQ+Ty5ChKc84++ZQTEBwLCA12Kw==

esbuild@^0.14.13:
  version "0.14.13"
  resolved "https://registry.npmmirror.com/esbuild/download/esbuild-0.14.13.tgz#ce3fc7c45a6b8a40caad43daa39cdb9c1e84930a"
  integrity sha512-FIxvAdj3i2oHA6ex+E67bG7zlSTO+slt8kU2ogHDgGtrQLy2HNChv3PYjiFTYkt8hZbEAniZCXVeHn+FrHt7dA==
  optionalDependencies:
    esbuild-android-arm64 "0.14.13"
    esbuild-darwin-64 "0.14.13"
    esbuild-darwin-arm64 "0.14.13"
    esbuild-freebsd-64 "0.14.13"
    esbuild-freebsd-arm64 "0.14.13"
    esbuild-linux-32 "0.14.13"
    esbuild-linux-64 "0.14.13"
    esbuild-linux-arm "0.14.13"
    esbuild-linux-arm64 "0.14.13"
    esbuild-linux-mips64le "0.14.13"
    esbuild-linux-ppc64le "0.14.13"
    esbuild-linux-s390x "0.14.13"
    esbuild-netbsd-64 "0.14.13"
    esbuild-openbsd-64 "0.14.13"
    esbuild-sunos-64 "0.14.13"
    esbuild-windows-32 "0.14.13"
    esbuild-windows-64 "0.14.13"
    esbuild-windows-arm64 "0.14.13"

escape-string-regexp@^5.0.0:
  version "5.0.0"
  resolved "https://registry.npmmirror.com/escape-string-regexp/download/escape-string-regexp-5.0.0.tgz#4683126b500b61762f2dbebace1806e8be31b1c8"
  integrity sha1-RoMSa1ALYXYvLb66zhgG6L4xscg=

estree-walker@^1.0.1:
  version "1.0.1"
  resolved "https://registry.npmmirror.com/estree-walker/download/estree-walker-1.0.1.tgz#31bc5d612c96b704106b477e6dd5d8aa138cb700"
  integrity sha1-MbxdYSyWtwQQa0d+bdXYqhOMtwA=

estree-walker@^2.0.1:
  version "2.0.2"
  resolved "https://registry.npmmirror.com/estree-walker/download/estree-walker-2.0.2.tgz#52f010178c2a4c117a7757cfe942adb7d2da4cac"
  integrity sha1-UvAQF4wqTBF6d1fP6UKtt9LaTKw=

follow-redirects@^1.14.7:
  version "1.14.7"
  resolved "https://registry.npmmirror.com/follow-redirects/download/follow-redirects-1.14.7.tgz#2004c02eb9436eee9a21446a6477debf17e81685"
  integrity sha512-+hbxoLbFMbRKDwohX8GkTataGqO6Jb7jGwpAlwgy2bIz25XtRm7KEzJM76R1WiNT5SwZkX4Y75SwBolkpmE7iQ==

fs.realpath@^1.0.0:
  version "1.0.0"
  resolved "https://registry.npmmirror.com/fs.realpath/download/fs.realpath-1.0.0.tgz#1504ad2523158caa40db4a2787cb01411994ea4f"
  integrity sha1-FQStJSMVjKpA20onh8sBQRmU6k8=

fsevents@~2.3.2:
  version "2.3.2"
  resolved "https://registry.npmmirror.com/fsevents/download/fsevents-2.3.2.tgz#8a526f78b8fdf4623b709e0b975c52c24c02fd1a"
  integrity sha1-ilJveLj99GI7cJ4Ll1xSwkwC/Ro=

function-bind@^1.1.1:
  version "1.1.1"
  resolved "https://registry.npmmirror.com/function-bind/download/function-bind-1.1.1.tgz#a56899d3ea3c9bab874bb9773b7c5ede92f4895d"
  integrity sha1-pWiZ0+o8m6uHS7l3O3xe3pL0iV0=

glob@^7.1.6:
  version "7.2.0"
  resolved "https://registry.npmmirror.com/glob/download/glob-7.2.0.tgz#d15535af7732e02e948f4c41628bd910293f6023"
  integrity sha512-lmLf6gtyrPq8tTjSmrO94wBeQbFR3HbLHbuyD69wuyQkImp2hWqMGB47OX65FBkPffO641IP9jWa1z4ivqG26Q==
  dependencies:
    fs.realpath "^1.0.0"
    inflight "^1.0.4"
    inherits "2"
    minimatch "^3.0.4"
    once "^1.3.0"
    path-is-absolute "^1.0.0"

has@^1.0.3:
  version "1.0.3"
  resolved "https://registry.npmmirror.com/has/download/has-1.0.3.tgz#722d7cbfc1f6aa8241f16dd814e011e1f41e8796"
  integrity sha1-ci18v8H2qoJB8W3YFOAR4fQeh5Y=
  dependencies:
    function-bind "^1.1.1"

inflight@^1.0.4:
  version "1.0.6"
  resolved "https://registry.npmmirror.com/inflight/download/inflight-1.0.6.tgz#49bd6331d7d02d0c09bc910a1075ba8165b56df9"
  integrity sha1-Sb1jMdfQLQwJvJEKEHW6gWW1bfk=
  dependencies:
    once "^1.3.0"
    wrappy "1"

inherits@2:
  version "2.0.4"
  resolved "https://registry.npmmirror.com/inherits/download/inherits-2.0.4.tgz#0fa2c64f932917c3433a0ded55363aae37416b7c"
  integrity sha1-D6LGT5MpF8NDOg3tVTY6rjdBa3w=

is-core-module@^2.8.1:
  version "2.8.1"
  resolved "https://registry.npmmirror.com/is-core-module/download/is-core-module-2.8.1.tgz#f59fdfca701d5879d0a6b100a40aa1560ce27211"
  integrity sha512-SdNCUs284hr40hFTFP6l0IfZ/RSrMXF3qgoRHd3/79unUTvrFO/JoXwkGm+5J/Oe3E/b5GsnG330uUNgRpu1PA==
  dependencies:
    has "^1.0.3"

is-module@^1.0.0:
  version "1.0.0"
  resolved "https://registry.npmmirror.com/is-module/download/is-module-1.0.0.tgz#3258fb69f78c14d5b815d664336b4cffb6441591"
  integrity sha1-Mlj7afeMFNW4FdZkM2tM/7ZEFZE=

is-reference@^1.2.1:
  version "1.2.1"
  resolved "https://registry.npmmirror.com/is-reference/download/is-reference-1.2.1.tgz#8b2dac0b371f4bc994fdeaba9eb542d03002d0b7"
  integrity sha1-iy2sCzcfS8mU/eq6nrVC0DAC0Lc=
  dependencies:
    "@types/estree" "*"

joycon@^3.0.1:
  version "3.1.1"
  resolved "https://registry.npmmirror.com/joycon/download/joycon-3.1.1.tgz#bce8596d6ae808f8b68168f5fc69280996894f03"
  integrity sha512-34wB/Y7MW7bzjKRjUKTa46I2Z7eV62Rkhva+KkopW7Qvv/OSWBqvkSY7vusOPrNuZcUG3tApvdVgNB8POj3SPw==

js-base64@^3.7.2:
  version "3.7.2"
  resolved "https://registry.npmmirror.com/js-base64/download/js-base64-3.7.2.tgz#816d11d81a8aff241603d19ce5761e13e41d7745"
  integrity sha512-NnRs6dsyqUXejqk/yv2aiXlAvOs56sLkX6nUdeaNezI5LFFLlsZjOThmwnrcwh5ZZRwZlCMnVAY3CvhIhoVEKQ==

jsonc-parser@^3.0.0:
  version "3.0.0"
  resolved "https://registry.npmmirror.com/jsonc-parser/download/jsonc-parser-3.0.0.tgz#abdd785701c7e7eaca8a9ec8cf070ca51a745a22"
  integrity sha1-q914VwHH5+rKip7IzwcMpRp0WiI=

magic-string@^0.25.7:
  version "0.25.7"
  resolved "https://registry.npmmirror.com/magic-string/download/magic-string-0.25.7.tgz#3f497d6fd34c669c6798dcb821f2ef31f5445051"
  integrity sha1-P0l9b9NMZpxnmNy4IfLvMfVEUFE=
  dependencies:
    sourcemap-codec "^1.4.4"

make-error@^1.1.1:
  version "1.3.6"
  resolved "https://registry.npmmirror.com/make-error/download/make-error-1.3.6.tgz#2eb2e37ea9b67c4891f684a1394799af484cf7a2"
  integrity sha1-LrLjfqm2fEiR9oShOUeZr0hM96I=

minimatch@^3.0.4:
  version "3.0.4"
  resolved "https://registry.npmmirror.com/minimatch/download/minimatch-3.0.4.tgz#5166e286457f03306064be5497e8dbb0c3d32083"
  integrity sha1-UWbihkV/AzBgZL5Ul+jbsMPTIIM=
  dependencies:
    brace-expansion "^1.1.7"

minimist@^1.2.5:
  version "1.2.5"
  resolved "https://registry.npmmirror.com/minimist/download/minimist-1.2.5.tgz#67d66014b66a6a8aaa0c083c5fd58df4e4e97602"
  integrity sha1-Z9ZgFLZqaoqqDAg8X9WN9OTpdgI=

ms@2.1.2:
  version "2.1.2"
  resolved "https://registry.npmmirror.com/ms/download/ms-2.1.2.tgz#d09d1f357b443f493382a8eb3ccd183872ae6009"
  integrity sha1-0J0fNXtEP0kzgqjrPM0YOHKuYAk=

once@^1.3.0:
  version "1.4.0"
  resolved "https://registry.npmmirror.com/once/download/once-1.4.0.tgz#583b1aa775961d4b113ac17d9c50baef9dd76bd1"
  integrity sha1-WDsap3WWHUsROsF9nFC6753Xa9E=
  dependencies:
    wrappy "1"

path-is-absolute@^1.0.0:
  version "1.0.1"
  resolved "https://registry.npmmirror.com/path-is-absolute/download/path-is-absolute-1.0.1.tgz#174b9268735534ffbc7ace6bf53a5a9e1b5c5f5f"
  integrity sha1-F0uSaHNVNP+8es5r9TpanhtcX18=

path-parse@^1.0.7:
  version "1.0.7"
  resolved "https://registry.npmmirror.com/path-parse/download/path-parse-1.0.7.tgz#fbc114b60ca42b30d9daf5858e4bd68bbedb6735"
  integrity sha1-+8EUtgykKzDZ2vWFjkvWi77bZzU=

picomatch@^2.2.2:
  version "2.3.1"
  resolved "https://registry.npmmirror.com/picomatch/download/picomatch-2.3.1.tgz#3ba3833733646d9d3e4995946c1365a67fb07a42"
  integrity sha512-JU3teHTNjmE2VCGFzuY8EXzCDVwEqB2a8fsIvwaStHhAWJEeVd1o1QD80CU6+ZdEXXSLbSsuLwJjkCBWqRQUVA==

resolve@^1.17.0, resolve@^1.19.0, resolve@^1.22.0:
  version "1.22.0"
  resolved "https://registry.npmmirror.com/resolve/download/resolve-1.22.0.tgz#5e0b8c67c15df57a89bdbabe603a002f21731198"
  integrity sha512-Hhtrw0nLeSrFQ7phPp4OOcVjLPIeMnRlr5mcnVuMe7M/7eBn98A3hmFRLoFo3DLZkivSYwhRUJTyPyWAk56WLw==
  dependencies:
    is-core-module "^2.8.1"
    path-parse "^1.0.7"
    supports-preserve-symlinks-flag "^1.0.0"

rollup-plugin-esbuild@^4.8.2:
  version "4.8.2"
  resolved "https://registry.npmmirror.com/rollup-plugin-esbuild/download/rollup-plugin-esbuild-4.8.2.tgz#c097b93cd4b622e62206cadb5797589f548cf48c"
  integrity sha512-wsaYNOjzTb6dN1qCIZsMZ7Q0LWiPJklYs2TDI8vJA2LUbvtPUY+17TC8C0vSat3jPMInfR9XWKdA7ttuwkjsGQ==
  dependencies:
    "@rollup/pluginutils" "^4.1.1"
    debug "^4.3.3"
    es-module-lexer "^0.9.3"
    joycon "^3.0.1"
    jsonc-parser "^3.0.0"

rollup@^2.66.1:
  version "2.66.1"
  resolved "https://registry.npmmirror.com/rollup/download/rollup-2.66.1.tgz#366b0404de353c4331d538c3ad2963934fcb4937"
  integrity sha512-crSgLhSkLMnKr4s9iZ/1qJCplgAgrRY+igWv8KhG/AjKOJ0YX/WpmANyn8oxrw+zenF3BXWDLa7Xl/QZISH+7w==
  optionalDependencies:
    fsevents "~2.3.2"

sourcemap-codec@^1.4.4:
  version "1.4.8"
  resolved "https://registry.npmmirror.com/sourcemap-codec/download/sourcemap-codec-1.4.8.tgz#ea804bd94857402e6992d05a38ef1ae35a9ab4c4"
  integrity sha1-6oBL2UhXQC5pktBaOO8a41qatMQ=

supports-preserve-symlinks-flag@^1.0.0:
  version "1.0.0"
  resolved "https://registry.npmmirror.com/supports-preserve-symlinks-flag/download/supports-preserve-symlinks-flag-1.0.0.tgz#6eda4bd344a3c94aea376d4cc31bc77311039e09"
  integrity sha512-ot0WnXS9fgdkgIcePe6RHNk1WA8+muPa6cSjeR3V8K27q9BB1rTE3R1p7Hv0z1ZyAc8s6Vvv8DIyWf681MAt0w==

ts-node@^10.4.0:
  version "10.4.0"
  resolved "https://registry.npmmirror.com/ts-node/download/ts-node-10.4.0.tgz#680f88945885f4e6cf450e7f0d6223dd404895f7"
  integrity sha512-g0FlPvvCXSIO1JDF6S232P5jPYqBkRL9qly81ZgAOSU7rwI0stphCgd2kLiCrU9DjQCrJMWEqcNSjQL02s6d8A==
  dependencies:
    "@cspotcode/source-map-support" "0.7.0"
    "@tsconfig/node10" "^1.0.7"
    "@tsconfig/node12" "^1.0.7"
    "@tsconfig/node14" "^1.0.0"
    "@tsconfig/node16" "^1.0.2"
    acorn "^8.4.1"
    acorn-walk "^8.1.1"
    arg "^4.1.0"
    create-require "^1.1.0"
    diff "^4.0.1"
    make-error "^1.1.1"
    yn "3.1.1"

typescript@^4.5.5:
  version "4.5.5"
  resolved "https://registry.npmmirror.com/typescript/download/typescript-4.5.5.tgz#d8c953832d28924a9e3d37c73d729c846c5896f3"
  integrity sha512-TCTIul70LyWe6IJWT8QSYeA54WQe8EjQFU4wY52Fasj5UKx88LNYKCgBEHcOMOrFF1rKGbD8v/xcNWVUq9SymA==

wrappy@1:
  version "1.0.2"
  resolved "https://registry.npmmirror.com/wrappy/download/wrappy-1.0.2.tgz#b5243d8f3ec1aa35f1364605bc0d1036e30ab69f"
  integrity sha1-tSQ9jz7BqjXxNkYFvA0QNuMKtp8=

yn@3.1.1:
  version "3.1.1"
  resolved "https://registry.npmmirror.com/yn/download/yn-3.1.1.tgz#1e87401a09d767c1d5eab26a6e4c185182d2eb50"
  integrity sha1-HodAGgnXZ8HV6rJqbkwYUYLS61A=
